
Microsoft Visual Studio Solution File, Format Version 12.00
# Visual Studio Version 17
VisualStudioVersion = 17.9.34728.123
MinimumVisualStudioVersion = 10.0.40219.1
Project("{FAE04EC0-301F-11D3-BF4B-00C04F79EFBC}") = "ViecLamViecNam", "ViecLamViecNam\ViecLamViecNam.csproj", "{3916B4F3-DC92-4231-98A6-E878393B46DA}"
EndProject
Global
	GlobalSection(SolutionConfigurationPlatforms) = preSolution
		Debug|Any CPU = Debug|Any CPU
		Release|Any CPU = Release|Any CPU
	EndGlobalSection
	GlobalSection(ProjectConfigurationPlatforms) = postSolution
		{3916B4F3-DC92-4231-98A6-E878393B46DA}.Debug|Any CPU.ActiveCfg = Debug|Any CPU
		{3916B4F3-DC92-4231-98A6-E878393B46DA}.Debug|Any CPU.Build.0 = Debug|Any CPU
		{3916B4F3-DC92-4231-98A6-E878393B46DA}.Release|Any CPU.ActiveCfg = Release|Any CPU
		{3916B4F3-DC92-4231-98A6-E878393B46DA}.Release|Any CPU.Build.0 = Release|Any CPU
	EndGlobalSection
	GlobalSection(SolutionProperties) = preSolution
		HideSolutionNode = FALSE
	EndGlobalSection
	GlobalSection(ExtensibilityGlobals) = postSolution
		SolutionGuid = {D922500E-CAAC-4D1B-8551-AFFD9106E78D}
	EndGlobalSection
EndGlobal
